
Microsoft Visual Studio Solution File, Format Version 12.00
# Visual Studio Version 17
VisualStudioVersion = 17.7.34221.43
MinimumVisualStudioVersion = 10.0.40219.1
Project("{FAE04EC0-301F-11D3-BF4B-00C04F79EFBC}") = "CadExtension", "CadExtension\CadExtension.csproj", "{C64991E0-01A7-41B8-824F-18FD1FBEE4A8}"
EndProject
Global
	GlobalSection(SolutionConfigurationPlatforms) = preSolution
		Debug|Any CPU = Debug|Any CPU
		Debug|x64 = Debug|x64
		Release|Any CPU = Release|Any CPU
		Release|x64 = Release|x64
	EndGlobalSection
	GlobalSection(ProjectConfigurationPlatforms) = postSolution
		{C64991E0-01A7-41B8-824F-18FD1FBEE4A8}.Debug|Any CPU.ActiveCfg = Debug|Any CPU
		{C64991E0-01A7-41B8-824F-18FD1FBEE4A8}.Debug|Any CPU.Build.0 = Debug|Any CPU
		{C64991E0-01A7-41B8-824F-18FD1FBEE4A8}.Debug|x64.ActiveCfg = Debug|x64
		{C64991E0-01A7-41B8-824F-18FD1FBEE4A8}.Debug|x64.Build.0 = Debug|x64
		{C64991E0-01A7-41B8-824F-18FD1FBEE4A8}.Release|Any CPU.ActiveCfg = Release|Any CPU
		{C64991E0-01A7-41B8-824F-18FD1FBEE4A8}.Release|Any CPU.Build.0 = Release|Any CPU
		{C64991E0-01A7-41B8-824F-18FD1FBEE4A8}.Release|x64.ActiveCfg = Release|x64
		{C64991E0-01A7-41B8-824F-18FD1FBEE4A8}.Release|x64.Build.0 = Release|x64
	EndGlobalSection
	GlobalSection(SolutionProperties) = preSolution
		HideSolutionNode = FALSE
	EndGlobalSection
	GlobalSection(ExtensibilityGlobals) = postSolution
		SolutionGuid = {36339084-E9A1-407A-ACBD-AE1E3BA06F36}
	EndGlobalSection
EndGlobal
